{
  "name": "many-ai-cli-container-providers",
  "lockfileVersion": 3,
  "requires": true,
  "packages": {
    "": {
      "name": "many-ai-cli-container-providers",
      "dependencies": {
        "@anthropic-ai/claude-code": "2.1.162",
        "@github/copilot": "1.0.59",
        "@openai/codex": "0.137.0"
      }
    },
    "node_modules/@anthropic-ai/claude-code": {
      "version": "2.1.162",
      "resolved": "https://registry.npmjs.org/@anthropic-ai/claude-code/-/claude-code-2.1.162.tgz",
      "integrity": "sha512-NjkOtm3GVmkR8cIxRR7m/Aq96sSrqnlr+ysDwn+N/rXbizPO317i2DV9hr2HFfXMHfEVuPJR1RmPevNRxr9Mbw==",
      "hasInstallScript": true,
      "license": "SEE LICENSE IN README.md",
      "bin": {
        "claude": "bin/claude.exe"
      },
      "engines": {
        "node": ">=18.0.0"
      },
      "optionalDependencies": {
        "@anthropic-ai/claude-code-darwin-arm64": "2.1.162",
        "@anthropic-ai/claude-code-darwin-x64": "2.1.162",
        "@anthropic-ai/claude-code-linux-arm64": "2.1.162",
        "@anthropic-ai/claude-code-linux-arm64-musl": "2.1.162",
        "@anthropic-ai/claude-code-linux-x64": "2.1.162",
        "@anthropic-ai/claude-code-linux-x64-musl": "2.1.162",
        "@anthropic-ai/claude-code-win32-arm64": "2.1.162",
        "@anthropic-ai/claude-code-win32-x64": "2.1.162"
      }
    },
    "node_modules/@anthropic-ai/claude-code-darwin-arm64": {
      "version": "2.1.162",
      "resolved": "https://registry.npmjs.org/@anthropic-ai/claude-code-darwin-arm64/-/claude-code-darwin-arm64-2.1.162.tgz",
      "integrity": "sha512-+TIQroIsxSA3+dgYmnXOPbYzuxENYgpb8/n9UCr0Q/JbMV+STDR+Dp/sLPiqazsb3IoplXWYePkNgm7h4PzYog==",
      "cpu": [
        "arm64"
      ],
      "license": "SEE LICENSE IN LICENSE.md",
      "optional": true,
      "os": [
        "darwin"
      ]
    },
    "node_modules/@anthropic-ai/claude-code-darwin-x64": {
      "version": "2.1.162",
      "resolved": "https://registry.npmjs.org/@anthropic-ai/claude-code-darwin-x64/-/claude-code-darwin-x64-2.1.162.tgz",
      "integrity": "sha512-eMWaeQDDMYsUfMIlLQgprepgjU0ziqMyH2cgmKtk5EQxm2lNVDYEurSLCDy57RdyCDUQmrUONC358ezZ8M+tuw==",
      "cpu": [
        "x64"
      ],
      "license": "SEE LICENSE IN LICENSE.md",
      "optional": true,
      "os": [
        "darwin"
      ]
    },
    "node_modules/@anthropic-ai/claude-code-linux-arm64": {
      "version": "2.1.162",
      "resolved": "https://registry.npmjs.org/@anthropic-ai/claude-code-linux-arm64/-/claude-code-linux-arm64-2.1.162.tgz",
      "integrity": "sha512-IQ+0ik+vMPMdI+Q/ugxLp989I8ADXrnBHBv28dwgr1UnjUX5777Wmt55JtKDkZ0Ed0fAWEK7eh2nd1iWP9R9tw==",
      "cpu": [
        "arm64"
      ],
      "libc": [
        "glibc"
      ],
      "license": "SEE LICENSE IN LICENSE.md",
      "optional": true,
      "os": [
        "linux"
      ]
    },
    "node_modules/@anthropic-ai/claude-code-linux-arm64-musl": {
      "version": "2.1.162",
      "resolved": "https://registry.npmjs.org/@anthropic-ai/claude-code-linux-arm64-musl/-/claude-code-linux-arm64-musl-2.1.162.tgz",
      "integrity": "sha512-Ii301T8IFroQV0/7DsvLsJW/pBulWUOAFMPgMq6+c7FrE41Kpm2divE1Qzi8/uzTaiwYYQKYzVIBAqXlFMaLFQ==",
      "cpu": [
        "arm64"
      ],
      "libc": [
        "musl"
      ],
      "license": "SEE LICENSE IN LICENSE.md",
      "optional": true,
      "os": [
        "linux"
      ]
    },
    "node_modules/@anthropic-ai/claude-code-linux-x64": {
      "version": "2.1.162",
      "resolved": "https://registry.npmjs.org/@anthropic-ai/claude-code-linux-x64/-/claude-code-linux-x64-2.1.162.tgz",
      "integrity": "sha512-PzIqBYYsRlzJvkL76TjXaDA7PlZf5UxCuBik6dOuX1D1ASUKIzuBevwZi632I21zweucM4hkllHmvbWI7HhWng==",
      "cpu": [
        "x64"
      ],
      "libc": [
        "glibc"
      ],
      "license": "SEE LICENSE IN LICENSE.md",
      "optional": true,
      "os": [
        "linux"
      ]
    },
    "node_modules/@anthropic-ai/claude-code-linux-x64-musl": {
      "version": "2.1.162",
      "resolved": "https://registry.npmjs.org/@anthropic-ai/claude-code-linux-x64-musl/-/claude-code-linux-x64-musl-2.1.162.tgz",
      "integrity": "sha512-IXfZmA0aZf/qt6dmfaEVzA3iFu29iLXNJuHJKGtuZHlr+exfbGm9LfjKTEvmlNyvKkxn4LcTM95+/so5o98I0g==",
      "cpu": [
        "x64"
      ],
      "libc": [
        "musl"
      ],
      "license": "SEE LICENSE IN LICENSE.md",
      "optional": true,
      "os": [
        "linux"
      ]
    },
    "node_modules/@anthropic-ai/claude-code-win32-arm64": {
      "version": "2.1.162",
      "resolved": "https://registry.npmjs.org/@anthropic-ai/claude-code-win32-arm64/-/claude-code-win32-arm64-2.1.162.tgz",
      "integrity": "sha512-vNh/cs5YEv60eX81x+fMoPdf30LWFu1fvQJHq9FqYqL6ypvxGLgF5mEukzau/93naWdimuTSVr4h1kCs9PHVUQ==",
      "cpu": [
        "arm64"
      ],
      "license": "SEE LICENSE IN LICENSE.md",
      "optional": true,
      "os": [
        "win32"
      ]
    },
    "node_modules/@anthropic-ai/claude-code-win32-x64": {
      "version": "2.1.162",
      "resolved": "https://registry.npmjs.org/@anthropic-ai/claude-code-win32-x64/-/claude-code-win32-x64-2.1.162.tgz",
      "integrity": "sha512-pdo+M9VGEWLuDfZy/Trioev0/j24F7vH1SGzcmokdobck4jPRdx+3iIdRoUvJUPHjDbun62UtI9/NtggU6wq6A==",
      "cpu": [
        "x64"
      ],
      "license": "SEE LICENSE IN LICENSE.md",
      "optional": true,
      "os": [
        "win32"
      ]
    },
    "node_modules/@github/copilot": {
      "version": "1.0.59",
      "resolved": "https://registry.npmjs.org/@github/copilot/-/copilot-1.0.59.tgz",
      "integrity": "sha512-D8ctn5cwDwYW0drjFhjLeKpEO4cB8G2tQCMfql2BuFsq5n26liLHymw+4JAhmbDxWgD/gEjr6c3u2zVwD0xxzA==",
      "license": "SEE LICENSE IN LICENSE.md",
      "dependencies": {
        "detect-libc": "^2.1.2"
      },
      "bin": {
        "copilot": "npm-loader.js"
      },
      "optionalDependencies": {
        "@github/copilot-darwin-arm64": "1.0.59",
        "@github/copilot-darwin-x64": "1.0.59",
        "@github/copilot-linux-arm64": "1.0.59",
        "@github/copilot-linux-x64": "1.0.59",
        "@github/copilot-linuxmusl-arm64": "1.0.59",
        "@github/copilot-linuxmusl-x64": "1.0.59",
        "@github/copilot-win32-arm64": "1.0.59",
        "@github/copilot-win32-x64": "1.0.59"
      }
    },
    "node_modules/@github/copilot-darwin-arm64": {
      "version": "1.0.59",
      "resolved": "https://registry.npmjs.org/@github/copilot-darwin-arm64/-/copilot-darwin-arm64-1.0.59.tgz",
      "integrity": "sha512-zNbsKhCxzI7HhfUltEoCP43NzZacPQYd41ylixV3iZeO/Tximjkb4KnChH7UYdksDVtdKZGU3BIs+T3hGd9LEw==",
      "cpu": [
        "arm64"
      ],
      "license": "SEE LICENSE IN LICENSE.md",
      "optional": true,
      "os": [
        "darwin"
      ],
      "bin": {
        "copilot-darwin-arm64": "copilot"
      }
    },
    "node_modules/@github/copilot-darwin-x64": {
      "version": "1.0.59",
      "resolved": "https://registry.npmjs.org/@github/copilot-darwin-x64/-/copilot-darwin-x64-1.0.59.tgz",
      "integrity": "sha512-7LsC02bE5nPzPGNr11+ZospnpW7AeHSfzaFlJ9tipMxo9hAoKPJl4vSr7PtDzTsVMukKnT4Ro9ACPisnbkVS/Q==",
      "cpu": [
        "x64"
      ],
      "license": "SEE LICENSE IN LICENSE.md",
      "optional": true,
      "os": [
        "darwin"
      ],
      "bin": {
        "copilot-darwin-x64": "copilot"
      }
    },
    "node_modules/@github/copilot-linux-arm64": {
      "version": "1.0.59",
      "resolved": "https://registry.npmjs.org/@github/copilot-linux-arm64/-/copilot-linux-arm64-1.0.59.tgz",
      "integrity": "sha512-rsiH+qj8hga6a3vdc7LrJLzMXSJHI6a8b4M3zccXYJeAkWKLm7CLmc9Kybtn72qaDTLNLxv+kvQfZ3qLTzFBlA==",
      "cpu": [
        "arm64"
      ],
      "libc": [
        "glibc"
      ],
      "license": "SEE LICENSE IN LICENSE.md",
      "optional": true,
      "os": [
        "linux"
      ],
      "bin": {
        "copilot-linux-arm64": "copilot"
      }
    },
    "node_modules/@github/copilot-linux-x64": {
      "version": "1.0.59",
      "resolved": "https://registry.npmjs.org/@github/copilot-linux-x64/-/copilot-linux-x64-1.0.59.tgz",
      "integrity": "sha512-yxthVdw5Fi4KwuduuJBxuSd7ofDVApaaU5KN97lLMQVklxBaP03/xssu2KEuiavIFD4koSTlUGuueIx0L/i8MQ==",
      "cpu": [
        "x64"
      ],
      "libc": [
        "glibc"
      ],
      "license": "SEE LICENSE IN LICENSE.md",
      "optional": true,
      "os": [
        "linux"
      ],
      "bin": {
        "copilot-linux-x64": "copilot"
      }
    },
    "node_modules/@github/copilot-linuxmusl-arm64": {
      "version": "1.0.59",
      "resolved": "https://registry.npmjs.org/@github/copilot-linuxmusl-arm64/-/copilot-linuxmusl-arm64-1.0.59.tgz",
      "integrity": "sha512-TxcPcHfhj5+bMqUCjuxSPb7hGNnZt8xmRQgQaBaW89/pnsqVvnJfoI/2sE52btbPMp8M1iase9/Uf9na393AXw==",
      "cpu": [
        "arm64"
      ],
      "libc": [
        "musl"
      ],
      "license": "SEE LICENSE IN LICENSE.md",
      "optional": true,
      "os": [
        "linux"
      ],
      "bin": {
        "copilot-linuxmusl-arm64": "copilot"
      }
    },
    "node_modules/@github/copilot-linuxmusl-x64": {
      "version": "1.0.59",
      "resolved": "https://registry.npmjs.org/@github/copilot-linuxmusl-x64/-/copilot-linuxmusl-x64-1.0.59.tgz",
      "integrity": "sha512-ml3B/3LqU+NkCKuQW/2sejAgpWw+LtYzll/VDhwcqkOBckoigALqj7UvJOf/M/+O2lcgcy9fLh5lg7cJ4Up0tg==",
      "cpu": [
        "x64"
      ],
      "libc": [
        "musl"
      ],
      "license": "SEE LICENSE IN LICENSE.md",
      "optional": true,
      "os": [
        "linux"
      ],
      "bin": {
        "copilot-linuxmusl-x64": "copilot"
      }
    },
    "node_modules/@github/copilot-win32-arm64": {
      "version": "1.0.59",
      "resolved": "https://registry.npmjs.org/@github/copilot-win32-arm64/-/copilot-win32-arm64-1.0.59.tgz",
      "integrity": "sha512-1y7d+ncNBf2rvJcC0Loj3baqzh8JhZz0mQkJjQOL674uyEgQhYqTXPNEqqGUp9lX40BfilEs7aqDbtT323aeMg==",
      "cpu": [
        "arm64"
      ],
      "license": "SEE LICENSE IN LICENSE.md",
      "optional": true,
      "os": [
        "win32"
      ],
      "bin": {
        "copilot-win32-arm64": "copilot.exe"
      }
    },
    "node_modules/@github/copilot-win32-x64": {
      "version": "1.0.59",
      "resolved": "https://registry.npmjs.org/@github/copilot-win32-x64/-/copilot-win32-x64-1.0.59.tgz",
      "integrity": "sha512-tjATvZ5+H9iX0mDNjjF7WUGQ300mculzLU6TmzwhyjdlKUYjd9EULpeYre196AbczupLiKQlpt6m67vZjoJRHA==",
      "cpu": [
        "x64"
      ],
      "license": "SEE LICENSE IN LICENSE.md",
      "optional": true,
      "os": [
        "win32"
      ],
      "bin": {
        "copilot-win32-x64": "copilot.exe"
      }
    },
    "node_modules/@openai/codex": {
      "version": "0.137.0",
      "resolved": "https://registry.npmjs.org/@openai/codex/-/codex-0.137.0.tgz",
      "integrity": "sha512-1jUsCnzDBwv7Z4VFZajIlsz41fC18qg6d5qK4PEZhiUk0zJHS90/uGBA70aQPUJLTUZShvyKVAANjw6J/D9eYQ==",
      "license": "Apache-2.0",
      "bin": {
        "codex": "bin/codex.js"
      },
      "engines": {
        "node": ">=16"
      },
      "optionalDependencies": {
        "@openai/codex-darwin-arm64": "npm:@openai/codex@0.137.0-darwin-arm64",
        "@openai/codex-darwin-x64": "npm:@openai/codex@0.137.0-darwin-x64",
        "@openai/codex-linux-arm64": "npm:@openai/codex@0.137.0-linux-arm64",
        "@openai/codex-linux-x64": "npm:@openai/codex@0.137.0-linux-x64",
        "@openai/codex-win32-arm64": "npm:@openai/codex@0.137.0-win32-arm64",
        "@openai/codex-win32-x64": "npm:@openai/codex@0.137.0-win32-x64"
      }
    },
    "node_modules/@openai/codex-darwin-arm64": {
      "name": "@openai/codex",
      "version": "0.137.0-darwin-arm64",
      "resolved": "https://registry.npmjs.org/@openai/codex/-/codex-0.137.0-darwin-arm64.tgz",
      "integrity": "sha512-YjKmre7DlKslQVhSfocHscgxntZKaZc1LQySKh7q+hNL8jdK+c8nSWSePi583yKFNIxZ8Z/zCkewtjFNvOpQiQ==",
      "cpu": [
        "arm64"
      ],
      "license": "Apache-2.0",
      "optional": true,
      "os": [
        "darwin"
      ],
      "engines": {
        "node": ">=16"
      }
    },
    "node_modules/@openai/codex-darwin-x64": {
      "name": "@openai/codex",
      "version": "0.137.0-darwin-x64",
      "resolved": "https://registry.npmjs.org/@openai/codex/-/codex-0.137.0-darwin-x64.tgz",
      "integrity": "sha512-zjzrFV80LZby9et44dan82e3cwUd46U7u1LSVXTIz5AUcY4y1KZpAeN6cSLVKMZuOHXTDpi15MUQdRwzdeqIOg==",
      "cpu": [
        "x64"
      ],
      "license": "Apache-2.0",
      "optional": true,
      "os": [
        "darwin"
      ],
      "engines": {
        "node": ">=16"
      }
    },
    "node_modules/@openai/codex-linux-arm64": {
      "name": "@openai/codex",
      "version": "0.137.0-linux-arm64",
      "resolved": "https://registry.npmjs.org/@openai/codex/-/codex-0.137.0-linux-arm64.tgz",
      "integrity": "sha512-R3ZZymQQA1qpp6OpowN49XJ4scHwSckq7CjVvgmLv3bIs3X+F0XXK3xPFkC9vs2mX3wPekPi3ONpxx+yPAsJ6Q==",
      "cpu": [
        "arm64"
      ],
      "license": "Apache-2.0",
      "optional": true,
      "os": [
        "linux"
      ],
      "engines": {
        "node": ">=16"
      }
    },
    "node_modules/@openai/codex-linux-x64": {
      "name": "@openai/codex",
      "version": "0.137.0-linux-x64",
      "resolved": "https://registry.npmjs.org/@openai/codex/-/codex-0.137.0-linux-x64.tgz",
      "integrity": "sha512-n+26MUj8rekbEDUeYTGoD6HXuGS0MmLHn2LOn0i5qTNYIJvXV82B7cCLSTzVKF/RJxRMRl22se9Q0Z035JIVng==",
      "cpu": [
        "x64"
      ],
      "license": "Apache-2.0",
      "optional": true,
      "os": [
        "linux"
      ],
      "engines": {
        "node": ">=16"
      }
    },
    "node_modules/@openai/codex-win32-arm64": {
      "name": "@openai/codex",
      "version": "0.137.0-win32-arm64",
      "resolved": "https://registry.npmjs.org/@openai/codex/-/codex-0.137.0-win32-arm64.tgz",
      "integrity": "sha512-Cofktt213TycdQ/v+nAUuwXUBzjMWfA/ZkXyqefyXxDgw0TMtaiM3cgDna3I8YdXnR0PM9AMbx4t7VloJ3ZZYQ==",
      "cpu": [
        "arm64"
      ],
      "license": "Apache-2.0",
      "optional": true,
      "os": [
        "win32"
      ],
      "engines": {
        "node": ">=16"
      }
    },
    "node_modules/@openai/codex-win32-x64": {
      "name": "@openai/codex",
      "version": "0.137.0-win32-x64",
      "resolved": "https://registry.npmjs.org/@openai/codex/-/codex-0.137.0-win32-x64.tgz",
      "integrity": "sha512-g9qZ9ERrm5OWXMWJOgojYv1kOc5jajTKq37PBMSe56aJfAr9Jk/qBvIOy7LKq3rABdXuz8k+W65PIt2E1hXilw==",
      "cpu": [
        "x64"
      ],
      "license": "Apache-2.0",
      "optional": true,
      "os": [
        "win32"
      ],
      "engines": {
        "node": ">=16"
      }
    },
    "node_modules/detect-libc": {
      "version": "2.1.2",
      "resolved": "https://registry.npmjs.org/detect-libc/-/detect-libc-2.1.2.tgz",
      "integrity": "sha512-Btj2BOOO83o3WyH59e8MgXsxEQVcarkUOpEYrubB0urwnN10yQ364rsiByU11nZlqWYZm05i/of7io4mzihBtQ==",
      "license": "Apache-2.0",
      "engines": {
        "node": ">=8"
      }
    }
  }
}
